
Microsoft Visual Studio Solution File, Format Version 12.00
# Visual Studio Version 16
VisualStudioVersion = 16.0.31205.134
MinimumVisualStudioVersion = 10.0.40219.1
Project("{FAE04EC0-301F-11D3-BF4B-00C04F79EFBC}") = "04.06.2021", "04.06.2021.csproj", "{433C551E-7AF5-4DCB-ABC7-831C51E6467F}"
EndProject
Global
	GlobalSection(SolutionConfigurationPlatforms) = preSolution
		Debug|Any CPU = Debug|Any CPU
		Release|Any CPU = Release|Any CPU
	EndGlobalSection
	GlobalSection(ProjectConfigurationPlatforms) = postSolution
		{433C551E-7AF5-4DCB-ABC7-831C51E6467F}.Debug|Any CPU.ActiveCfg = Debug|Any CPU
		{433C551E-7AF5-4DCB-ABC7-831C51E6467F}.Debug|Any CPU.Build.0 = Debug|Any CPU
		{433C551E-7AF5-4DCB-ABC7-831C51E6467F}.Release|Any CPU.ActiveCfg = Release|Any CPU
		{433C551E-7AF5-4DCB-ABC7-831C51E6467F}.Release|Any CPU.Build.0 = Release|Any CPU
	EndGlobalSection
	GlobalSection(SolutionProperties) = preSolution
		HideSolutionNode = FALSE
	EndGlobalSection
	GlobalSection(ExtensibilityGlobals) = postSolution
		SolutionGuid = {A3324E6B-52F4-4C81-808A-4A16CFA3471A}
	EndGlobalSection
EndGlobal
